
Microsoft Visual Studio Solution File, Format Version 12.00
# Visual Studio 15
VisualStudioVersion = 15.0.28010.2016
MinimumVisualStudioVersion = 10.0.40219.1
Project("{FAE04EC0-301F-11D3-BF4B-00C04F79EFBC}") = "AuthServer", "AuthServer\AuthServer.csproj", "{2ABDD6D5-26FE-4532-9B61-1263014800C5}"
EndProject
Global
	GlobalSection(SolutionConfigurationPlatforms) = preSolution
		Debug|Any CPU = Debug|Any CPU
		Release|Any CPU = Release|Any CPU
	EndGlobalSection
	GlobalSection(ProjectConfigurationPlatforms) = postSolution
		{2ABDD6D5-26FE-4532-9B61-1263014800C5}.Debug|Any CPU.ActiveCfg = Debug|Any CPU
		{2ABDD6D5-26FE-4532-9B61-1263014800C5}.Debug|Any CPU.Build.0 = Debug|Any CPU
		{2ABDD6D5-26FE-4532-9B61-1263014800C5}.Release|Any CPU.ActiveCfg = Release|Any CPU
		{2ABDD6D5-26FE-4532-9B61-1263014800C5}.Release|Any CPU.Build.0 = Release|Any CPU
	EndGlobalSection
	GlobalSection(SolutionProperties) = preSolution
		HideSolutionNode = FALSE
	EndGlobalSection
	GlobalSection(ExtensibilityGlobals) = postSolution
		SolutionGuid = {3860BE6E-ACA3-4302-A144-28324B868ADA}
	EndGlobalSection
EndGlobal
