
Microsoft Visual Studio Solution File, Format Version 12.00
# Visual Studio Version 16
VisualStudioVersion = 16.0.28721.148
MinimumVisualStudioVersion = 10.0.40219.1
Project("{9A19103F-16F7-4668-BE54-9A1E7A4F7556}") = "AuthServer", "AuthServer\AuthServer.csproj", "{2ABDD6D5-26FE-4532-9B61-1263014800C5}"
EndProject
Global
	GlobalSection(SolutionConfigurationPlatforms) = preSolution
		Debug|Any CPU = Debug|Any CPU
		Release|Any CPU = Release|Any CPU
	EndGlobalSection
	GlobalSection(ProjectConfigurationPlatforms) = postSolution
		{2ABDD6D5-26FE-4532-9B61-1263014800C5}.Debug|Any CPU.ActiveCfg = Debug|Any CPU
		{2ABDD6D5-26FE-4532-9B61-1263014800C5}.Debug|Any CPU.Build.0 = Debug|Any CPU
		{2ABDD6D5-26FE-4532-9B61-1263014800C5}.Release|Any CPU.ActiveCfg = Debug|Any CPU
		{2ABDD6D5-26FE-4532-9B61-1263014800C5}.Release|Any CPU.Build.0 = Debug|Any CPU
	EndGlobalSection
	GlobalSection(SolutionProperties) = preSolution
		HideSolutionNode = FALSE
	EndGlobalSection
	GlobalSection(ExtensibilityGlobals) = postSolution
		SolutionGuid = {3860BE6E-ACA3-4302-A144-28324B868ADA}
	EndGlobalSection
EndGlobal
